
Microsoft Visual Studio Solution File, Format Version 12.00
# Visual Studio Version 17
VisualStudioVersion = 17.4.33205.214
MinimumVisualStudioVersion = 10.0.40219.1
Project("{FAE04EC0-301F-11D3-BF4B-00C04F79EFBC}") = "Host", "Host\Host.csproj", "{339F15FE-01B4-4122-8618-B68C2887635B}"
EndProject
Project("{2150E333-8FDC-42A3-9474-1A3956D46DE8}") = "Shared", "Shared", "{28E70D0D-74C1-480F-92EE-AF6865EBF1B6}"
EndProject
Project("{2150E333-8FDC-42A3-9474-1A3956D46DE8}") = "Modules", "Modules", "{0E2614F9-EC93-4A56-83A3-A5075A56E7B0}"
EndProject
Project("{FAE04EC0-301F-11D3-BF4B-00C04F79EFBC}") = "Shared.Models", "Shared\Shared.Models\Shared.Models.csproj", "{3426EBFE-0928-4495-A956-3CA095E90A17}"
EndProject
Project("{FAE04EC0-301F-11D3-BF4B-00C04F79EFBC}") = "Shared.Infrastructures", "Shared\Shared.Infrastructures\Shared.Infrastructures.csproj", "{5209F5F6-180C-496F-B145-09744F452752}"
EndProject
Project("{FAE04EC0-301F-11D3-BF4B-00C04F79EFBC}") = "Shared.Core", "Shared\Shared.Core\Shared.Core.csproj", "{5DCB7952-6F35-4B75-B626-1BAA05E959EE}"
EndProject
Project("{FAE04EC0-301F-11D3-BF4B-00C04F79EFBC}") = "Shared.Modules", "Shared\Shared.Modules\Shared.Modules.csproj", "{28FB2151-6589-4963-8F13-E32B45EF3849}"
EndProject
Project("{FAE04EC0-301F-11D3-BF4B-00C04F79EFBC}") = "Shared.Common", "Shared\Shared.Common\Shared.Common.csproj", "{F8F82D97-DFFF-4480-8635-8B6D8D380A65}"
EndProject
Project("{2150E333-8FDC-42A3-9474-1A3956D46DE8}") = "User", "User", "{708F243E-C8B5-41AA-908B-0EB6DA37521C}"
EndProject
Project("{FAE04EC0-301F-11D3-BF4B-00C04F79EFBC}") = "Module.User", "Modules\User\Module.User\Module.User.csproj", "{8A357616-698E-40DC-81C9-3E7EDEEDC067}"
EndProject
Project("{2150E333-8FDC-42A3-9474-1A3956D46DE8}") = "Home", "Home", "{23E3D259-9370-47BB-BFD0-075BCA4796CF}"
EndProject
Project("{FAE04EC0-301F-11D3-BF4B-00C04F79EFBC}") = "Module.Home", "Modules\Home\Module.Home\Module.Home.csproj", "{B8E7D386-2846-4282-8EA0-74E724E0656F}"
EndProject
Project("{FAE04EC0-301F-11D3-BF4B-00C04F79EFBC}") = "Module.User.Core", "Modules\User\Module.User.Core\Module.User.Core.csproj", "{BA067E98-4D53-4945-902E-B9B5A3EFCAA0}"
EndProject
Project("{FAE04EC0-301F-11D3-BF4B-00C04F79EFBC}") = "Module.User.Infrastructure", "Modules\User\Module.User.Infrastructure\Module.User.Infrastructure.csproj", "{512C70B9-2B07-4C3C-94B7-CD600333EBED}"
EndProject
Global
	GlobalSection(SolutionConfigurationPlatforms) = preSolution
		Debug|Any CPU = Debug|Any CPU
		Release|Any CPU = Release|Any CPU
	EndGlobalSection
	GlobalSection(ProjectConfigurationPlatforms) = postSolution
		{339F15FE-01B4-4122-8618-B68C2887635B}.Debug|Any CPU.ActiveCfg = Debug|Any CPU
		{339F15FE-01B4-4122-8618-B68C2887635B}.Debug|Any CPU.Build.0 = Debug|Any CPU
		{339F15FE-01B4-4122-8618-B68C2887635B}.Release|Any CPU.ActiveCfg = Release|Any CPU
		{339F15FE-01B4-4122-8618-B68C2887635B}.Release|Any CPU.Build.0 = Release|Any CPU
		{3426EBFE-0928-4495-A956-3CA095E90A17}.Debug|Any CPU.ActiveCfg = Debug|Any CPU
		{3426EBFE-0928-4495-A956-3CA095E90A17}.Debug|Any CPU.Build.0 = Debug|Any CPU
		{3426EBFE-0928-4495-A956-3CA095E90A17}.Release|Any CPU.ActiveCfg = Release|Any CPU
		{3426EBFE-0928-4495-A956-3CA095E90A17}.Release|Any CPU.Build.0 = Release|Any CPU
		{5209F5F6-180C-496F-B145-09744F452752}.Debug|Any CPU.ActiveCfg = Debug|Any CPU
		{5209F5F6-180C-496F-B145-09744F452752}.Debug|Any CPU.Build.0 = Debug|Any CPU
		{5209F5F6-180C-496F-B145-09744F452752}.Release|Any CPU.ActiveCfg = Release|Any CPU
		{5209F5F6-180C-496F-B145-09744F452752}.Release|Any CPU.Build.0 = Release|Any CPU
		{5DCB7952-6F35-4B75-B626-1BAA05E959EE}.Debug|Any CPU.ActiveCfg = Debug|Any CPU
		{5DCB7952-6F35-4B75-B626-1BAA05E959EE}.Debug|Any CPU.Build.0 = Debug|Any CPU
		{5DCB7952-6F35-4B75-B626-1BAA05E959EE}.Release|Any CPU.ActiveCfg = Release|Any CPU
		{5DCB7952-6F35-4B75-B626-1BAA05E959EE}.Release|Any CPU.Build.0 = Release|Any CPU
		{28FB2151-6589-4963-8F13-E32B45EF3849}.Debug|Any CPU.ActiveCfg = Debug|Any CPU
		{28FB2151-6589-4963-8F13-E32B45EF3849}.Debug|Any CPU.Build.0 = Debug|Any CPU
		{28FB2151-6589-4963-8F13-E32B45EF3849}.Release|Any CPU.ActiveCfg = Release|Any CPU
		{28FB2151-6589-4963-8F13-E32B45EF3849}.Release|Any CPU.Build.0 = Release|Any CPU
		{F8F82D97-DFFF-4480-8635-8B6D8D380A65}.Debug|Any CPU.ActiveCfg = Debug|Any CPU
		{F8F82D97-DFFF-4480-8635-8B6D8D380A65}.Debug|Any CPU.Build.0 = Debug|Any CPU
		{F8F82D97-DFFF-4480-8635-8B6D8D380A65}.Release|Any CPU.ActiveCfg = Release|Any CPU
		{F8F82D97-DFFF-4480-8635-8B6D8D380A65}.Release|Any CPU.Build.0 = Release|Any CPU
		{8A357616-698E-40DC-81C9-3E7EDEEDC067}.Debug|Any CPU.ActiveCfg = Debug|Any CPU
		{8A357616-698E-40DC-81C9-3E7EDEEDC067}.Debug|Any CPU.Build.0 = Debug|Any CPU
		{8A357616-698E-40DC-81C9-3E7EDEEDC067}.Release|Any CPU.ActiveCfg = Release|Any CPU
		{8A357616-698E-40DC-81C9-3E7EDEEDC067}.Release|Any CPU.Build.0 = Release|Any CPU
		{B8E7D386-2846-4282-8EA0-74E724E0656F}.Debug|Any CPU.ActiveCfg = Debug|Any CPU
		{B8E7D386-2846-4282-8EA0-74E724E0656F}.Debug|Any CPU.Build.0 = Debug|Any CPU
		{B8E7D386-2846-4282-8EA0-74E724E0656F}.Release|Any CPU.ActiveCfg = Release|Any CPU
		{B8E7D386-2846-4282-8EA0-74E724E0656F}.Release|Any CPU.Build.0 = Release|Any CPU
		{BA067E98-4D53-4945-902E-B9B5A3EFCAA0}.Debug|Any CPU.ActiveCfg = Debug|Any CPU
		{BA067E98-4D53-4945-902E-B9B5A3EFCAA0}.Debug|Any CPU.Build.0 = Debug|Any CPU
		{BA067E98-4D53-4945-902E-B9B5A3EFCAA0}.Release|Any CPU.ActiveCfg = Release|Any CPU
		{BA067E98-4D53-4945-902E-B9B5A3EFCAA0}.Release|Any CPU.Build.0 = Release|Any CPU
		{512C70B9-2B07-4C3C-94B7-CD600333EBED}.Debug|Any CPU.ActiveCfg = Debug|Any CPU
		{512C70B9-2B07-4C3C-94B7-CD600333EBED}.Debug|Any CPU.Build.0 = Debug|Any CPU
		{512C70B9-2B07-4C3C-94B7-CD600333EBED}.Release|Any CPU.ActiveCfg = Release|Any CPU
		{512C70B9-2B07-4C3C-94B7-CD600333EBED}.Release|Any CPU.Build.0 = Release|Any CPU
	EndGlobalSection
	GlobalSection(SolutionProperties) = preSolution
		HideSolutionNode = FALSE
	EndGlobalSection
	GlobalSection(NestedProjects) = preSolution
		{3426EBFE-0928-4495-A956-3CA095E90A17} = {28E70D0D-74C1-480F-92EE-AF6865EBF1B6}
		{5209F5F6-180C-496F-B145-09744F452752} = {28E70D0D-74C1-480F-92EE-AF6865EBF1B6}
		{5DCB7952-6F35-4B75-B626-1BAA05E959EE} = {28E70D0D-74C1-480F-92EE-AF6865EBF1B6}
		{28FB2151-6589-4963-8F13-E32B45EF3849} = {28E70D0D-74C1-480F-92EE-AF6865EBF1B6}
		{F8F82D97-DFFF-4480-8635-8B6D8D380A65} = {28E70D0D-74C1-480F-92EE-AF6865EBF1B6}
		{708F243E-C8B5-41AA-908B-0EB6DA37521C} = {0E2614F9-EC93-4A56-83A3-A5075A56E7B0}
		{8A357616-698E-40DC-81C9-3E7EDEEDC067} = {708F243E-C8B5-41AA-908B-0EB6DA37521C}
		{23E3D259-9370-47BB-BFD0-075BCA4796CF} = {0E2614F9-EC93-4A56-83A3-A5075A56E7B0}
		{B8E7D386-2846-4282-8EA0-74E724E0656F} = {23E3D259-9370-47BB-BFD0-075BCA4796CF}
		{BA067E98-4D53-4945-902E-B9B5A3EFCAA0} = {708F243E-C8B5-41AA-908B-0EB6DA37521C}
		{512C70B9-2B07-4C3C-94B7-CD600333EBED} = {708F243E-C8B5-41AA-908B-0EB6DA37521C}
	EndGlobalSection
	GlobalSection(ExtensibilityGlobals) = postSolution
		SolutionGuid = {358839B9-6B8D-451D-9D66-5E2635F88F8E}
	EndGlobalSection
EndGlobal
